
Microsoft Visual Studio Solution File, Format Version 12.00
# Visual Studio Version 17
VisualStudioVersion = 17.4.33103.184
MinimumVisualStudioVersion = 10.0.40219.1
Project("{FAE04EC0-301F-11D3-BF4B-00C04F79EFBC}") = "Project第二次作业", "Project第二次作业.csproj", "{6A622C59-7BF1-4CAE-88A9-4D5B26B7EF89}"
EndProject
Project("{FAE04EC0-301F-11D3-BF4B-00C04F79EFBC}") = "Project埃式筛法", "Project埃式筛法\Project埃式筛法.csproj", "{52DCC0E0-E9F9-4FCD-A7D0-FB05B3921A32}"
EndProject
Project("{FAE04EC0-301F-11D3-BF4B-00C04F79EFBC}") = "Project数组极值，和，平均数", "Project数组极值，和，平均数\Project数组极值，和，平均数.csproj", "{215CF3EA-91AD-4189-AC1C-D26910B21AC6}"
EndProject
Project("{9A19103F-16F7-4668-BE54-9A1E7A4F7556}") = "project素数因子", "project素数因子\project素数因子.csproj", "{D5B26363-ECAE-40B4-BDD5-F5C434C4D07A}"
EndProject
Project("{FAE04EC0-301F-11D3-BF4B-00C04F79EFBC}") = "Project托普利次矩阵", "Project托普利次矩阵\Project托普利次矩阵.csproj", "{707BD3F2-4A03-4A5B-A81E-A0181D9F5BC1}"
EndProject
Global
	GlobalSection(SolutionConfigurationPlatforms) = preSolution
		Debug|Any CPU = Debug|Any CPU
		Release|Any CPU = Release|Any CPU
	EndGlobalSection
	GlobalSection(ProjectConfigurationPlatforms) = postSolution
		{6A622C59-7BF1-4CAE-88A9-4D5B26B7EF89}.Debug|Any CPU.ActiveCfg = Debug|Any CPU
		{6A622C59-7BF1-4CAE-88A9-4D5B26B7EF89}.Debug|Any CPU.Build.0 = Debug|Any CPU
		{6A622C59-7BF1-4CAE-88A9-4D5B26B7EF89}.Release|Any CPU.ActiveCfg = Release|Any CPU
		{6A622C59-7BF1-4CAE-88A9-4D5B26B7EF89}.Release|Any CPU.Build.0 = Release|Any CPU
		{52DCC0E0-E9F9-4FCD-A7D0-FB05B3921A32}.Debug|Any CPU.ActiveCfg = Debug|Any CPU
		{52DCC0E0-E9F9-4FCD-A7D0-FB05B3921A32}.Debug|Any CPU.Build.0 = Debug|Any CPU
		{52DCC0E0-E9F9-4FCD-A7D0-FB05B3921A32}.Release|Any CPU.ActiveCfg = Release|Any CPU
		{52DCC0E0-E9F9-4FCD-A7D0-FB05B3921A32}.Release|Any CPU.Build.0 = Release|Any CPU
		{215CF3EA-91AD-4189-AC1C-D26910B21AC6}.Debug|Any CPU.ActiveCfg = Debug|Any CPU
		{215CF3EA-91AD-4189-AC1C-D26910B21AC6}.Debug|Any CPU.Build.0 = Debug|Any CPU
		{215CF3EA-91AD-4189-AC1C-D26910B21AC6}.Release|Any CPU.ActiveCfg = Release|Any CPU
		{215CF3EA-91AD-4189-AC1C-D26910B21AC6}.Release|Any CPU.Build.0 = Release|Any CPU
		{D5B26363-ECAE-40B4-BDD5-F5C434C4D07A}.Debug|Any CPU.ActiveCfg = Debug|Any CPU
		{D5B26363-ECAE-40B4-BDD5-F5C434C4D07A}.Debug|Any CPU.Build.0 = Debug|Any CPU
		{D5B26363-ECAE-40B4-BDD5-F5C434C4D07A}.Release|Any CPU.ActiveCfg = Release|Any CPU
		{D5B26363-ECAE-40B4-BDD5-F5C434C4D07A}.Release|Any CPU.Build.0 = Release|Any CPU
		{707BD3F2-4A03-4A5B-A81E-A0181D9F5BC1}.Debug|Any CPU.ActiveCfg = Debug|Any CPU
		{707BD3F2-4A03-4A5B-A81E-A0181D9F5BC1}.Debug|Any CPU.Build.0 = Debug|Any CPU
		{707BD3F2-4A03-4A5B-A81E-A0181D9F5BC1}.Release|Any CPU.ActiveCfg = Release|Any CPU
		{707BD3F2-4A03-4A5B-A81E-A0181D9F5BC1}.Release|Any CPU.Build.0 = Release|Any CPU
	EndGlobalSection
	GlobalSection(SolutionProperties) = preSolution
		HideSolutionNode = FALSE
	EndGlobalSection
	GlobalSection(ExtensibilityGlobals) = postSolution
		SolutionGuid = {63CDA125-5FE1-46CC-8A2C-1385580DD396}
	EndGlobalSection
EndGlobal
