
Microsoft Visual Studio Solution File, Format Version 12.00
# Visual Studio Version 17
VisualStudioVersion = 17.5.33424.131
MinimumVisualStudioVersion = 10.0.40219.1
Project("{FAE04EC0-301F-11D3-BF4B-00C04F79EFBC}") = "ConsoleApp管理订单", "ConsoleApp管理订单.csproj", "{96522AF0-E90E-4FB4-BF58-1D33FC5C2D7B}"
EndProject
Global
	GlobalSection(SolutionConfigurationPlatforms) = preSolution
		Debug|Any CPU = Debug|Any CPU
		Release|Any CPU = Release|Any CPU
	EndGlobalSection
	GlobalSection(ProjectConfigurationPlatforms) = postSolution
		{96522AF0-E90E-4FB4-BF58-1D33FC5C2D7B}.Debug|Any CPU.ActiveCfg = Debug|Any CPU
		{96522AF0-E90E-4FB4-BF58-1D33FC5C2D7B}.Debug|Any CPU.Build.0 = Debug|Any CPU
		{96522AF0-E90E-4FB4-BF58-1D33FC5C2D7B}.Release|Any CPU.ActiveCfg = Release|Any CPU
		{96522AF0-E90E-4FB4-BF58-1D33FC5C2D7B}.Release|Any CPU.Build.0 = Release|Any CPU
	EndGlobalSection
	GlobalSection(SolutionProperties) = preSolution
		HideSolutionNode = FALSE
	EndGlobalSection
	GlobalSection(ExtensibilityGlobals) = postSolution
		SolutionGuid = {03E3417D-9CCC-4CC0-9B70-A7F76B026E79}
	EndGlobalSection
EndGlobal
